
Microsoft Visual Studio Solution File, Format Version 12.00
Project("{2150E333-8FDC-42A3-9474-1A3956D46DE8}") = "src", "src", "{57EBE17F-4C4A-41D9-9A4D-6097E919C231}"
EndProject
Project("{2150E333-8FDC-42A3-9474-1A3956D46DE8}") = "deps", "deps", "{A16F7259-8F03-4C52-A249-6506B73866D7}"
EndProject
Project("{FAE04EC0-301F-11D3-BF4B-00C04F79EFBC}") = "EazyDevirt", "src\EazyDevirt\EazyDevirt.csproj", "{0689188E-AF21-4D79-B532-61C1916E668A}"
EndProject
Project("{FAE04EC0-301F-11D3-BF4B-00C04F79EFBC}") = "EazSample", "src\EazSample\EazSample.csproj", "{475688A1-F766-428B-A239-65FFDC65FEE2}"
EndProject
Global
	GlobalSection(SolutionConfigurationPlatforms) = preSolution
		Debug|Any CPU = Debug|Any CPU
		Release|Any CPU = Release|Any CPU
	EndGlobalSection
	GlobalSection(ProjectConfigurationPlatforms) = postSolution
		{0689188E-AF21-4D79-B532-61C1916E668A}.Debug|Any CPU.ActiveCfg = Debug|Any CPU
		{0689188E-AF21-4D79-B532-61C1916E668A}.Debug|Any CPU.Build.0 = Debug|Any CPU
		{0689188E-AF21-4D79-B532-61C1916E668A}.Release|Any CPU.ActiveCfg = Release|Any CPU
		{0689188E-AF21-4D79-B532-61C1916E668A}.Release|Any CPU.Build.0 = Release|Any CPU
		{475688A1-F766-428B-A239-65FFDC65FEE2}.Debug|Any CPU.ActiveCfg = Debug|Any CPU
		{475688A1-F766-428B-A239-65FFDC65FEE2}.Debug|Any CPU.Build.0 = Debug|Any CPU
		{475688A1-F766-428B-A239-65FFDC65FEE2}.Release|Any CPU.ActiveCfg = Release|Any CPU
		{475688A1-F766-428B-A239-65FFDC65FEE2}.Release|Any CPU.Build.0 = Release|Any CPU
	EndGlobalSection
	GlobalSection(NestedProjects) = preSolution
		{0689188E-AF21-4D79-B532-61C1916E668A} = {57EBE17F-4C4A-41D9-9A4D-6097E919C231}
		{475688A1-F766-428B-A239-65FFDC65FEE2} = {57EBE17F-4C4A-41D9-9A4D-6097E919C231}
	EndGlobalSection
EndGlobal
