
Microsoft Visual Studio Solution File, Format Version 12.00
Project("{2150E333-8FDC-42A3-9474-1A3956D46DE8}") = "src", "src", "{57EBE17F-4C4A-41D9-9A4D-6097E919C231}"
EndProject
Project("{2150E333-8FDC-42A3-9474-1A3956D46DE8}") = "deps", "deps", "{A16F7259-8F03-4C52-A249-6506B73866D7}"
EndProject
Project("{FAE04EC0-301F-11D3-BF4B-00C04F79EFBC}") = "EazyDevirt", "src\EazyDevirt\EazyDevirt.csproj", "{0689188E-AF21-4D79-B532-61C1916E668A}"
EndProject
Project("{FAE04EC0-301F-11D3-BF4B-00C04F79EFBC}") = "EazSample", "src\EazSample\EazSample.csproj", "{475688A1-F766-428B-A239-65FFDC65FEE2}"
EndProject
Project("{FAE04EC0-301F-11D3-BF4B-00C04F79EFBC}") = "Echo.Platforms.AsmResolver", "deps\src\Platforms\Echo.Platforms.AsmResolver\Echo.Platforms.AsmResolver.csproj", "{ABF024BC-4872-4CD7-A8D4-E2B43D3C1AD2}"
EndProject
Project("{FAE04EC0-301F-11D3-BF4B-00C04F79EFBC}") = "Echo.Ast", "deps\src\Core\Echo.Ast\Echo.Ast.csproj", "{7AD44569-3B2F-4F23-84A1-0F9480AB6BA5}"
EndProject
Project("{FAE04EC0-301F-11D3-BF4B-00C04F79EFBC}") = "Echo", "deps\src\Core\Echo\Echo.csproj", "{85B346AD-0DC3-4A34-B187-99EE9B9E9FD2}"
EndProject
Project("{FAE04EC0-301F-11D3-BF4B-00C04F79EFBC}") = "Echo.ControlFlow", "deps\src\Core\Echo.ControlFlow\Echo.ControlFlow.csproj", "{DF69A40F-6588-4E3D-B983-22B9F6DB8996}"
EndProject
Project("{FAE04EC0-301F-11D3-BF4B-00C04F79EFBC}") = "Echo.DataFlow", "deps\src\Core\Echo.DataFlow\Echo.DataFlow.csproj", "{2F75950D-152B-4D7E-B309-DF2E41230A65}"
EndProject
Global
	GlobalSection(SolutionConfigurationPlatforms) = preSolution
		Debug|Any CPU = Debug|Any CPU
		Release|Any CPU = Release|Any CPU
	EndGlobalSection
	GlobalSection(ProjectConfigurationPlatforms) = postSolution
		{0689188E-AF21-4D79-B532-61C1916E668A}.Debug|Any CPU.ActiveCfg = Debug|Any CPU
		{0689188E-AF21-4D79-B532-61C1916E668A}.Debug|Any CPU.Build.0 = Debug|Any CPU
		{0689188E-AF21-4D79-B532-61C1916E668A}.Release|Any CPU.ActiveCfg = Release|Any CPU
		{0689188E-AF21-4D79-B532-61C1916E668A}.Release|Any CPU.Build.0 = Release|Any CPU
		{475688A1-F766-428B-A239-65FFDC65FEE2}.Debug|Any CPU.ActiveCfg = Debug|Any CPU
		{475688A1-F766-428B-A239-65FFDC65FEE2}.Debug|Any CPU.Build.0 = Debug|Any CPU
		{475688A1-F766-428B-A239-65FFDC65FEE2}.Release|Any CPU.ActiveCfg = Release|Any CPU
		{475688A1-F766-428B-A239-65FFDC65FEE2}.Release|Any CPU.Build.0 = Release|Any CPU
		{ABF024BC-4872-4CD7-A8D4-E2B43D3C1AD2}.Debug|Any CPU.ActiveCfg = Debug|Any CPU
		{ABF024BC-4872-4CD7-A8D4-E2B43D3C1AD2}.Debug|Any CPU.Build.0 = Debug|Any CPU
		{ABF024BC-4872-4CD7-A8D4-E2B43D3C1AD2}.Release|Any CPU.ActiveCfg = Release|Any CPU
		{ABF024BC-4872-4CD7-A8D4-E2B43D3C1AD2}.Release|Any CPU.Build.0 = Release|Any CPU
		{7AD44569-3B2F-4F23-84A1-0F9480AB6BA5}.Debug|Any CPU.ActiveCfg = Debug|Any CPU
		{7AD44569-3B2F-4F23-84A1-0F9480AB6BA5}.Debug|Any CPU.Build.0 = Debug|Any CPU
		{7AD44569-3B2F-4F23-84A1-0F9480AB6BA5}.Release|Any CPU.ActiveCfg = Release|Any CPU
		{7AD44569-3B2F-4F23-84A1-0F9480AB6BA5}.Release|Any CPU.Build.0 = Release|Any CPU
		{85B346AD-0DC3-4A34-B187-99EE9B9E9FD2}.Debug|Any CPU.ActiveCfg = Debug|Any CPU
		{85B346AD-0DC3-4A34-B187-99EE9B9E9FD2}.Debug|Any CPU.Build.0 = Debug|Any CPU
		{85B346AD-0DC3-4A34-B187-99EE9B9E9FD2}.Release|Any CPU.ActiveCfg = Release|Any CPU
		{85B346AD-0DC3-4A34-B187-99EE9B9E9FD2}.Release|Any CPU.Build.0 = Release|Any CPU
		{DF69A40F-6588-4E3D-B983-22B9F6DB8996}.Debug|Any CPU.ActiveCfg = Debug|Any CPU
		{DF69A40F-6588-4E3D-B983-22B9F6DB8996}.Debug|Any CPU.Build.0 = Debug|Any CPU
		{DF69A40F-6588-4E3D-B983-22B9F6DB8996}.Release|Any CPU.ActiveCfg = Release|Any CPU
		{DF69A40F-6588-4E3D-B983-22B9F6DB8996}.Release|Any CPU.Build.0 = Release|Any CPU
		{2F75950D-152B-4D7E-B309-DF2E41230A65}.Debug|Any CPU.ActiveCfg = Debug|Any CPU
		{2F75950D-152B-4D7E-B309-DF2E41230A65}.Debug|Any CPU.Build.0 = Debug|Any CPU
		{2F75950D-152B-4D7E-B309-DF2E41230A65}.Release|Any CPU.ActiveCfg = Release|Any CPU
		{2F75950D-152B-4D7E-B309-DF2E41230A65}.Release|Any CPU.Build.0 = Release|Any CPU
	EndGlobalSection
	GlobalSection(NestedProjects) = preSolution
		{0689188E-AF21-4D79-B532-61C1916E668A} = {57EBE17F-4C4A-41D9-9A4D-6097E919C231}
		{475688A1-F766-428B-A239-65FFDC65FEE2} = {57EBE17F-4C4A-41D9-9A4D-6097E919C231}
		{ABF024BC-4872-4CD7-A8D4-E2B43D3C1AD2} = {A16F7259-8F03-4C52-A249-6506B73866D7}
		{7AD44569-3B2F-4F23-84A1-0F9480AB6BA5} = {A16F7259-8F03-4C52-A249-6506B73866D7}
		{85B346AD-0DC3-4A34-B187-99EE9B9E9FD2} = {A16F7259-8F03-4C52-A249-6506B73866D7}
		{DF69A40F-6588-4E3D-B983-22B9F6DB8996} = {A16F7259-8F03-4C52-A249-6506B73866D7}
		{2F75950D-152B-4D7E-B309-DF2E41230A65} = {A16F7259-8F03-4C52-A249-6506B73866D7}
	EndGlobalSection
EndGlobal
